
Microsoft Visual Studio Solution File, Format Version 12.00
# Visual Studio Version 17
VisualStudioVersion = 17.1.32414.318
MinimumVisualStudioVersion = 10.0.40219.1
Project("{2150E333-8FDC-42A3-9474-1A3956D46DE8}") = "Orders", "Orders", "{1A971FD7-BD9E-41E4-8B20-D0E0F65144D5}"
EndProject
Project("{FAE04EC0-301F-11D3-BF4B-00C04F79EFBC}") = "Orders.Api", "Orders\Orders.Api\Orders.Api.csproj", "{5D856F14-5B33-4115-AD77-4EDE1AF7496B}"
EndProject
Project("{2150E333-8FDC-42A3-9474-1A3956D46DE8}") = "Sellers", "Sellers", "{C5D2AED1-52B4-40FB-A4AF-83AD40DECEBB}"
EndProject
Project("{FAE04EC0-301F-11D3-BF4B-00C04F79EFBC}") = "Sellers.Api", "Sellers\Sellers.Api\Sellers.Api.csproj", "{FC098083-45A4-4E6A-ACE6-819091BE2842}"
EndProject
Project("{FAE04EC0-301F-11D3-BF4B-00C04F79EFBC}") = "Orders.UnitTests", "Orders\Orders.UnitTests\Orders.UnitTests.csproj", "{DEA5BB9E-654F-491B-A4A6-FB2E5D336B8D}"
EndProject
Project("{FAE04EC0-301F-11D3-BF4B-00C04F79EFBC}") = "Sellers.UnitTests", "Sellers\Sellers.UnitTests\Sellers.UnitTests.csproj", "{2FB2AEDE-419C-4CF9-B6EF-B373DA36DA25}"
EndProject
Project("{FAE04EC0-301F-11D3-BF4B-00C04F79EFBC}") = "Sellers.Testing", "Sellers\Sellers.Testing\Sellers.Testing.csproj", "{9649696C-D421-4AE8-AA98-AD43474714F4}"
EndProject
Project("{FAE04EC0-301F-11D3-BF4B-00C04F79EFBC}") = "Sellers.Contracts", "Sellers\Sellers.Contracts\Sellers.Contracts.csproj", "{DC3A1CDE-74F1-4CD1-BE92-D3B4220B4904}"
EndProject
Project("{FAE04EC0-301F-11D3-BF4B-00C04F79EFBC}") = "Sellers.DomainModel", "Sellers\Sellers.DomainModel\Sellers.DomainModel.csproj", "{BF3E511A-1A88-451F-9F37-4743BFC6D96B}"
EndProject
Project("{FAE04EC0-301F-11D3-BF4B-00C04F79EFBC}") = "Sellers.Sql", "Sellers\Sellers.Sql\Sellers.Sql.csproj", "{702280C8-6E11-4ED6-8666-A4FE34B7B6B0}"
EndProject
Project("{FAE04EC0-301F-11D3-BF4B-00C04F79EFBC}") = "Sellers.Crypto", "Sellers\Sellers.Crypto\Sellers.Crypto.csproj", "{7AC8927B-E55A-4CF8-9863-7B817B564D64}"
EndProject
Global
	GlobalSection(SolutionConfigurationPlatforms) = preSolution
		Debug|Any CPU = Debug|Any CPU
		Release|Any CPU = Release|Any CPU
	EndGlobalSection
	GlobalSection(ProjectConfigurationPlatforms) = postSolution
		{5D856F14-5B33-4115-AD77-4EDE1AF7496B}.Debug|Any CPU.ActiveCfg = Debug|Any CPU
		{5D856F14-5B33-4115-AD77-4EDE1AF7496B}.Debug|Any CPU.Build.0 = Debug|Any CPU
		{5D856F14-5B33-4115-AD77-4EDE1AF7496B}.Release|Any CPU.ActiveCfg = Release|Any CPU
		{5D856F14-5B33-4115-AD77-4EDE1AF7496B}.Release|Any CPU.Build.0 = Release|Any CPU
		{FC098083-45A4-4E6A-ACE6-819091BE2842}.Debug|Any CPU.ActiveCfg = Debug|Any CPU
		{FC098083-45A4-4E6A-ACE6-819091BE2842}.Debug|Any CPU.Build.0 = Debug|Any CPU
		{FC098083-45A4-4E6A-ACE6-819091BE2842}.Release|Any CPU.ActiveCfg = Release|Any CPU
		{FC098083-45A4-4E6A-ACE6-819091BE2842}.Release|Any CPU.Build.0 = Release|Any CPU
		{DEA5BB9E-654F-491B-A4A6-FB2E5D336B8D}.Debug|Any CPU.ActiveCfg = Debug|Any CPU
		{DEA5BB9E-654F-491B-A4A6-FB2E5D336B8D}.Debug|Any CPU.Build.0 = Debug|Any CPU
		{DEA5BB9E-654F-491B-A4A6-FB2E5D336B8D}.Release|Any CPU.ActiveCfg = Release|Any CPU
		{DEA5BB9E-654F-491B-A4A6-FB2E5D336B8D}.Release|Any CPU.Build.0 = Release|Any CPU
		{2FB2AEDE-419C-4CF9-B6EF-B373DA36DA25}.Debug|Any CPU.ActiveCfg = Debug|Any CPU
		{2FB2AEDE-419C-4CF9-B6EF-B373DA36DA25}.Debug|Any CPU.Build.0 = Debug|Any CPU
		{2FB2AEDE-419C-4CF9-B6EF-B373DA36DA25}.Release|Any CPU.ActiveCfg = Release|Any CPU
		{2FB2AEDE-419C-4CF9-B6EF-B373DA36DA25}.Release|Any CPU.Build.0 = Release|Any CPU
		{9649696C-D421-4AE8-AA98-AD43474714F4}.Debug|Any CPU.ActiveCfg = Debug|Any CPU
		{9649696C-D421-4AE8-AA98-AD43474714F4}.Debug|Any CPU.Build.0 = Debug|Any CPU
		{9649696C-D421-4AE8-AA98-AD43474714F4}.Release|Any CPU.ActiveCfg = Release|Any CPU
		{9649696C-D421-4AE8-AA98-AD43474714F4}.Release|Any CPU.Build.0 = Release|Any CPU
		{DC3A1CDE-74F1-4CD1-BE92-D3B4220B4904}.Debug|Any CPU.ActiveCfg = Debug|Any CPU
		{DC3A1CDE-74F1-4CD1-BE92-D3B4220B4904}.Debug|Any CPU.Build.0 = Debug|Any CPU
		{DC3A1CDE-74F1-4CD1-BE92-D3B4220B4904}.Release|Any CPU.ActiveCfg = Release|Any CPU
		{DC3A1CDE-74F1-4CD1-BE92-D3B4220B4904}.Release|Any CPU.Build.0 = Release|Any CPU
		{BF3E511A-1A88-451F-9F37-4743BFC6D96B}.Debug|Any CPU.ActiveCfg = Debug|Any CPU
		{BF3E511A-1A88-451F-9F37-4743BFC6D96B}.Debug|Any CPU.Build.0 = Debug|Any CPU
		{BF3E511A-1A88-451F-9F37-4743BFC6D96B}.Release|Any CPU.ActiveCfg = Release|Any CPU
		{BF3E511A-1A88-451F-9F37-4743BFC6D96B}.Release|Any CPU.Build.0 = Release|Any CPU
		{702280C8-6E11-4ED6-8666-A4FE34B7B6B0}.Debug|Any CPU.ActiveCfg = Debug|Any CPU
		{702280C8-6E11-4ED6-8666-A4FE34B7B6B0}.Debug|Any CPU.Build.0 = Debug|Any CPU
		{702280C8-6E11-4ED6-8666-A4FE34B7B6B0}.Release|Any CPU.ActiveCfg = Release|Any CPU
		{702280C8-6E11-4ED6-8666-A4FE34B7B6B0}.Release|Any CPU.Build.0 = Release|Any CPU
		{7AC8927B-E55A-4CF8-9863-7B817B564D64}.Debug|Any CPU.ActiveCfg = Debug|Any CPU
		{7AC8927B-E55A-4CF8-9863-7B817B564D64}.Debug|Any CPU.Build.0 = Debug|Any CPU
		{7AC8927B-E55A-4CF8-9863-7B817B564D64}.Release|Any CPU.ActiveCfg = Release|Any CPU
		{7AC8927B-E55A-4CF8-9863-7B817B564D64}.Release|Any CPU.Build.0 = Release|Any CPU
	EndGlobalSection
	GlobalSection(SolutionProperties) = preSolution
		HideSolutionNode = FALSE
	EndGlobalSection
	GlobalSection(NestedProjects) = preSolution
		{5D856F14-5B33-4115-AD77-4EDE1AF7496B} = {1A971FD7-BD9E-41E4-8B20-D0E0F65144D5}
		{FC098083-45A4-4E6A-ACE6-819091BE2842} = {C5D2AED1-52B4-40FB-A4AF-83AD40DECEBB}
		{DEA5BB9E-654F-491B-A4A6-FB2E5D336B8D} = {1A971FD7-BD9E-41E4-8B20-D0E0F65144D5}
		{2FB2AEDE-419C-4CF9-B6EF-B373DA36DA25} = {C5D2AED1-52B4-40FB-A4AF-83AD40DECEBB}
		{9649696C-D421-4AE8-AA98-AD43474714F4} = {C5D2AED1-52B4-40FB-A4AF-83AD40DECEBB}
		{DC3A1CDE-74F1-4CD1-BE92-D3B4220B4904} = {C5D2AED1-52B4-40FB-A4AF-83AD40DECEBB}
		{BF3E511A-1A88-451F-9F37-4743BFC6D96B} = {C5D2AED1-52B4-40FB-A4AF-83AD40DECEBB}
		{702280C8-6E11-4ED6-8666-A4FE34B7B6B0} = {C5D2AED1-52B4-40FB-A4AF-83AD40DECEBB}
		{7AC8927B-E55A-4CF8-9863-7B817B564D64} = {C5D2AED1-52B4-40FB-A4AF-83AD40DECEBB}
	EndGlobalSection
	GlobalSection(ExtensibilityGlobals) = postSolution
		SolutionGuid = {7CC5FAC9-580D-44E4-9E09-EC36B4311EB9}
	EndGlobalSection
EndGlobal
